// !$*UTF8*$!
{
	archiveVersion = 1;
	classes = {
	};
	objectVersion = 55;
	objects = {

/* Begin PBXBuildFile section */
		C504BF9428C089790052EDF3 /* FeedLoader.swift in Sources */ = {isa = PBXBuildFile; fileRef = C504BF9328C089790052EDF3 /* FeedLoader.swift */; };
		C504BF9728C08CE60052EDF3 /* LoadFeedFromRemoteUseCaseTests.swift in Sources */ = {isa = PBXBuildFile; fileRef = C504BF9628C08CE60052EDF3 /* LoadFeedFromRemoteUseCaseTests.swift */; };
		C504BF9A28C114B30052EDF3 /* RemoteFeedLoader.swift in Sources */ = {isa = PBXBuildFile; fileRef = C504BF9928C114B30052EDF3 /* RemoteFeedLoader.swift */; };
		C504BF9C28C68B4D0052EDF3 /* HTTPClient.swift in Sources */ = {isa = PBXBuildFile; fileRef = C504BF9B28C68B4D0052EDF3 /* HTTPClient.swift */; };
		C504BF9E28C68BAD0052EDF3 /* FeedItemsMapper.swift in Sources */ = {isa = PBXBuildFile; fileRef = C504BF9D28C68BAD0052EDF3 /* FeedItemsMapper.swift */; };
		C504BFA128C7E62B0052EDF3 /* URLSessionHTTPClientTests.swift in Sources */ = {isa = PBXBuildFile; fileRef = C504BFA028C7E62B0052EDF3 /* URLSessionHTTPClientTests.swift */; };
		C54F5FF12940EFCD00DB6811 /* ValidateFeedCacheUseCaseTests.swift in Sources */ = {isa = PBXBuildFile; fileRef = C54F5FF02940EFCD00DB6811 /* ValidateFeedCacheUseCaseTests.swift */; };
		C562CBA728BF6A9200311ED4 /* EssentialFeed.framework in Frameworks */ = {isa = PBXBuildFile; fileRef = C562CB9E28BF6A9100311ED4 /* EssentialFeed.framework */; };
		C562CBAD28BF6A9200311ED4 /* EssentialFeed.h in Headers */ = {isa = PBXBuildFile; fileRef = C562CBA128BF6A9100311ED4 /* EssentialFeed.h */; settings = {ATTRIBUTES = (Public, ); }; };
		C562CBB728BF6AFA00311ED4 /* FeedImage.swift in Sources */ = {isa = PBXBuildFile; fileRef = C562CBB628BF6AFA00311ED4 /* FeedImage.swift */; };
		C56797C1293A12A50019D56D /* CacheFeedUseCaseTests.swift in Sources */ = {isa = PBXBuildFile; fileRef = C56797C0293A12A50019D56D /* CacheFeedUseCaseTests.swift */; };
		C56797C5293A60360019D56D /* LocalFeedLoader.swift in Sources */ = {isa = PBXBuildFile; fileRef = C56797C4293A60360019D56D /* LocalFeedLoader.swift */; };
		C56797C7293A60CB0019D56D /* FeedStore.swift in Sources */ = {isa = PBXBuildFile; fileRef = C56797C6293A60CB0019D56D /* FeedStore.swift */; };
		C56797C9293DEE6E0019D56D /* RemoteFeedItem.swift in Sources */ = {isa = PBXBuildFile; fileRef = C56797C8293DEE6E0019D56D /* RemoteFeedItem.swift */; };
		C56797CB293DEEA30019D56D /* LocalFeedImage.swift in Sources */ = {isa = PBXBuildFile; fileRef = C56797CA293DEEA30019D56D /* LocalFeedImage.swift */; };
		C56797CD293E07CA0019D56D /* LoadFeedFromCacheUseCaseTests.swift in Sources */ = {isa = PBXBuildFile; fileRef = C56797CC293E07CA0019D56D /* LoadFeedFromCacheUseCaseTests.swift */; };
		C56797D0293E08E20019D56D /* FeedStoreSpy.swift in Sources */ = {isa = PBXBuildFile; fileRef = C56797CF293E08E20019D56D /* FeedStoreSpy.swift */; };
		C57DB46E28CCA7DE00878AF8 /* XCTTestCAse+MemoryLeakTracking.swift in Sources */ = {isa = PBXBuildFile; fileRef = C57DB46D28CCA7DE00878AF8 /* XCTTestCAse+MemoryLeakTracking.swift */; };
		C57DB47028CCEB8E00878AF8 /* URLSessionHTTPClient.swift in Sources */ = {isa = PBXBuildFile; fileRef = C57DB46F28CCEB8E00878AF8 /* URLSessionHTTPClient.swift */; };
		C57DB47828CDB45600878AF8 /* EssentialFeedAPIEndToEndTests.swift in Sources */ = {isa = PBXBuildFile; fileRef = C57DB47728CDB45600878AF8 /* EssentialFeedAPIEndToEndTests.swift */; };
		C57DB47928CDB45600878AF8 /* EssentialFeed.framework in Frameworks */ = {isa = PBXBuildFile; fileRef = C562CB9E28BF6A9100311ED4 /* EssentialFeed.framework */; };
		C57DB48028CDBAA400878AF8 /* XCTTestCAse+MemoryLeakTracking.swift in Sources */ = {isa = PBXBuildFile; fileRef = C57DB46D28CCA7DE00878AF8 /* XCTTestCAse+MemoryLeakTracking.swift */; };
/* End PBXBuildFile section */

/* Begin PBXContainerItemProxy section */
		C562CBA828BF6A9200311ED4 /* PBXContainerItemProxy */ = {
			isa = PBXContainerItemProxy;
			containerPortal = C562CB9528BF6A9100311ED4 /* Project object */;
			proxyType = 1;
			remoteGlobalIDString = C562CB9D28BF6A9100311ED4;
			remoteInfo = EssentialFeed;
		};
		C57DB47A28CDB45600878AF8 /* PBXContainerItemProxy */ = {
			isa = PBXContainerItemProxy;
			containerPortal = C562CB9528BF6A9100311ED4 /* Project object */;
			proxyType = 1;
			remoteGlobalIDString = C562CB9D28BF6A9100311ED4;
			remoteInfo = EssentialFeed;
		};
/* End PBXContainerItemProxy section */

/* Begin PBXFileReference section */
		C504BF9328C089790052EDF3 /* FeedLoader.swift */ = {isa = PBXFileReference; lastKnownFileType = sourcecode.swift; path = FeedLoader.swift; sourceTree = "<group>"; };
		C504BF9628C08CE60052EDF3 /* LoadFeedFromRemoteUseCaseTests.swift */ = {isa = PBXFileReference; lastKnownFileType = sourcecode.swift; path = LoadFeedFromRemoteUseCaseTests.swift; sourceTree = "<group>"; };
		C504BF9928C114B30052EDF3 /* RemoteFeedLoader.swift */ = {isa = PBXFileReference; lastKnownFileType = sourcecode.swift; path = RemoteFeedLoader.swift; sourceTree = "<group>"; };
		C504BF9B28C68B4D0052EDF3 /* HTTPClient.swift */ = {isa = PBXFileReference; lastKnownFileType = sourcecode.swift; path = HTTPClient.swift; sourceTree = "<group>"; };
		C504BF9D28C68BAD0052EDF3 /* FeedItemsMapper.swift */ = {isa = PBXFileReference; lastKnownFileType = sourcecode.swift; path = FeedItemsMapper.swift; sourceTree = "<group>"; };
		C504BFA028C7E62B0052EDF3 /* URLSessionHTTPClientTests.swift */ = {isa = PBXFileReference; lastKnownFileType = sourcecode.swift; path = URLSessionHTTPClientTests.swift; sourceTree = "<group>"; };
		C54F5FF02940EFCD00DB6811 /* ValidateFeedCacheUseCaseTests.swift */ = {isa = PBXFileReference; lastKnownFileType = sourcecode.swift; path = ValidateFeedCacheUseCaseTests.swift; sourceTree = "<group>"; };
		C562CB9E28BF6A9100311ED4 /* EssentialFeed.framework */ = {isa = PBXFileReference; explicitFileType = wrapper.framework; includeInIndex = 0; path = EssentialFeed.framework; sourceTree = BUILT_PRODUCTS_DIR; };
		C562CBA128BF6A9100311ED4 /* EssentialFeed.h */ = {isa = PBXFileReference; lastKnownFileType = sourcecode.c.h; path = EssentialFeed.h; sourceTree = "<group>"; };
		C562CBA628BF6A9100311ED4 /* EssentialFeedTests.xctest */ = {isa = PBXFileReference; explicitFileType = wrapper.cfbundle; includeInIndex = 0; path = EssentialFeedTests.xctest; sourceTree = BUILT_PRODUCTS_DIR; };
		C562CBB628BF6AFA00311ED4 /* FeedImage.swift */ = {isa = PBXFileReference; lastKnownFileType = sourcecode.swift; path = FeedImage.swift; sourceTree = "<group>"; };
		C56797C0293A12A50019D56D /* CacheFeedUseCaseTests.swift */ = {isa = PBXFileReference; lastKnownFileType = sourcecode.swift; path = CacheFeedUseCaseTests.swift; sourceTree = "<group>"; };
		C56797C4293A60360019D56D /* LocalFeedLoader.swift */ = {isa = PBXFileReference; lastKnownFileType = sourcecode.swift; path = LocalFeedLoader.swift; sourceTree = "<group>"; };
		C56797C6293A60CB0019D56D /* FeedStore.swift */ = {isa = PBXFileReference; lastKnownFileType = sourcecode.swift; path = FeedStore.swift; sourceTree = "<group>"; };
		C56797C8293DEE6E0019D56D /* RemoteFeedItem.swift */ = {isa = PBXFileReference; lastKnownFileType = sourcecode.swift; path = RemoteFeedItem.swift; sourceTree = "<group>"; };
		C56797CA293DEEA30019D56D /* LocalFeedImage.swift */ = {isa = PBXFileReference; lastKnownFileType = sourcecode.swift; path = LocalFeedImage.swift; sourceTree = "<group>"; };
		C56797CC293E07CA0019D56D /* LoadFeedFromCacheUseCaseTests.swift */ = {isa = PBXFileReference; lastKnownFileType = sourcecode.swift; path = LoadFeedFromCacheUseCaseTests.swift; sourceTree = "<group>"; };
		C56797CF293E08E20019D56D /* FeedStoreSpy.swift */ = {isa = PBXFileReference; lastKnownFileType = sourcecode.swift; path = FeedStoreSpy.swift; sourceTree = "<group>"; };
		C57DB46D28CCA7DE00878AF8 /* XCTTestCAse+MemoryLeakTracking.swift */ = {isa = PBXFileReference; lastKnownFileType = sourcecode.swift; path = "XCTTestCAse+MemoryLeakTracking.swift"; sourceTree = "<group>"; };
		C57DB46F28CCEB8E00878AF8 /* URLSessionHTTPClient.swift */ = {isa = PBXFileReference; lastKnownFileType = sourcecode.swift; path = URLSessionHTTPClient.swift; sourceTree = "<group>"; };
		C57DB47528CDB45600878AF8 /* EssentialFeedAPIEndToEndTests.xctest */ = {isa = PBXFileReference; explicitFileType = wrapper.cfbundle; includeInIndex = 0; path = EssentialFeedAPIEndToEndTests.xctest; sourceTree = BUILT_PRODUCTS_DIR; };
		C57DB47728CDB45600878AF8 /* EssentialFeedAPIEndToEndTests.swift */ = {isa = PBXFileReference; lastKnownFileType = sourcecode.swift; path = EssentialFeedAPIEndToEndTests.swift; sourceTree = "<group>"; };
/* End PBXFileReference section */

/* Begin PBXFrameworksBuildPhase section */
		C562CB9B28BF6A9100311ED4 /* Frameworks */ = {
			isa = PBXFrameworksBuildPhase;
			buildActionMask = 2147483647;
			files = (
			);
			runOnlyForDeploymentPostprocessing = 0;
		};
		C562CBA328BF6A9100311ED4 /* Frameworks */ = {
			isa = PBXFrameworksBuildPhase;
			buildActionMask = 2147483647;
			files = (
				C562CBA728BF6A9200311ED4 /* EssentialFeed.framework in Frameworks */,
			);
			runOnlyForDeploymentPostprocessing = 0;
		};
		C57DB47228CDB45600878AF8 /* Frameworks */ = {
			isa = PBXFrameworksBuildPhase;
			buildActionMask = 2147483647;
			files = (
				C57DB47928CDB45600878AF8 /* EssentialFeed.framework in Frameworks */,
			);
			runOnlyForDeploymentPostprocessing = 0;
		};
/* End PBXFrameworksBuildPhase section */

/* Begin PBXGroup section */
		C504BF9528C08A220052EDF3 /* Feed Feature */ = {
			isa = PBXGroup;
			children = (
				C562CBB628BF6AFA00311ED4 /* FeedImage.swift */,
				C504BF9328C089790052EDF3 /* FeedLoader.swift */,
			);
			path = "Feed Feature";
			sourceTree = "<group>";
		};
		C504BF9828C114740052EDF3 /* Feed API */ = {
			isa = PBXGroup;
			children = (
				C504BF9928C114B30052EDF3 /* RemoteFeedLoader.swift */,
				C504BF9D28C68BAD0052EDF3 /* FeedItemsMapper.swift */,
				C504BF9B28C68B4D0052EDF3 /* HTTPClient.swift */,
				C57DB46F28CCEB8E00878AF8 /* URLSessionHTTPClient.swift */,
				C56797C8293DEE6E0019D56D /* RemoteFeedItem.swift */,
			);
			path = "Feed API";
			sourceTree = "<group>";
		};
		C504BF9F28C6989B0052EDF3 /* Feed API */ = {
			isa = PBXGroup;
			children = (
				C504BF9628C08CE60052EDF3 /* LoadFeedFromRemoteUseCaseTests.swift */,
				C504BFA028C7E62B0052EDF3 /* URLSessionHTTPClientTests.swift */,
			);
			path = "Feed API";
			sourceTree = "<group>";
		};
		C562CB9428BF6A9100311ED4 = {
			isa = PBXGroup;
			children = (
				C562CBA028BF6A9100311ED4 /* EssentialFeed */,
				C562CBA128BF6A9100311ED4 /* EssentialFeed.h */,
				C562CBAA28BF6A9200311ED4 /* EssentialFeedTests */,
				C57DB47628CDB45600878AF8 /* EssentialFeedAPIEndToEndTests */,
				C562CB9F28BF6A9100311ED4 /* Products */,
			);
			sourceTree = "<group>";
		};
		C562CB9F28BF6A9100311ED4 /* Products */ = {
			isa = PBXGroup;
			children = (
				C562CB9E28BF6A9100311ED4 /* EssentialFeed.framework */,
				C562CBA628BF6A9100311ED4 /* EssentialFeedTests.xctest */,
				C57DB47528CDB45600878AF8 /* EssentialFeedAPIEndToEndTests.xctest */,
			);
			name = Products;
			sourceTree = "<group>";
		};
		C562CBA028BF6A9100311ED4 /* EssentialFeed */ = {
			isa = PBXGroup;
			children = (
				C56797C3293A60240019D56D /* Feed Cache */,
				C504BF9528C08A220052EDF3 /* Feed Feature */,
				C504BF9828C114740052EDF3 /* Feed API */,
			);
			path = EssentialFeed;
			sourceTree = "<group>";
		};
		C562CBAA28BF6A9200311ED4 /* EssentialFeedTests */ = {
			isa = PBXGroup;
			children = (
				C57DB46C28CCA7B800878AF8 /* Helpers */,
				C56797BF293A12850019D56D /* Feed Cache */,
				C504BF9F28C6989B0052EDF3 /* Feed API */,
			);
			path = EssentialFeedTests;
			sourceTree = "<group>";
		};
		C56797BF293A12850019D56D /* Feed Cache */ = {
			isa = PBXGroup;
			children = (
				C56797CE293E08CF0019D56D /* Helpers */,
				C56797C0293A12A50019D56D /* CacheFeedUseCaseTests.swift */,
				C56797CC293E07CA0019D56D /* LoadFeedFromCacheUseCaseTests.swift */,
				C54F5FF02940EFCD00DB6811 /* ValidateFeedCacheUseCaseTests.swift */,
			);
			path = "Feed Cache";
			sourceTree = "<group>";
		};
		C56797C3293A60240019D56D /* Feed Cache */ = {
			isa = PBXGroup;
			children = (
				C56797C4293A60360019D56D /* LocalFeedLoader.swift */,
				C56797C6293A60CB0019D56D /* FeedStore.swift */,
				C56797CA293DEEA30019D56D /* LocalFeedImage.swift */,
			);
			path = "Feed Cache";
			sourceTree = "<group>";
		};
		C56797CE293E08CF0019D56D /* Helpers */ = {
			isa = PBXGroup;
			children = (
				C56797CF293E08E20019D56D /* FeedStoreSpy.swift */,
			);
			path = Helpers;
			sourceTree = "<group>";
		};
		C57DB46C28CCA7B800878AF8 /* Helpers */ = {
			isa = PBXGroup;
			children = (
				C57DB46D28CCA7DE00878AF8 /* XCTTestCAse+MemoryLeakTracking.swift */,
			);
			path = Helpers;
			sourceTree = "<group>";
		};
		C57DB47628CDB45600878AF8 /* EssentialFeedAPIEndToEndTests */ = {
			isa = PBXGroup;
			children = (
				C57DB47728CDB45600878AF8 /* EssentialFeedAPIEndToEndTests.swift */,
			);
			path = EssentialFeedAPIEndToEndTests;
			sourceTree = "<group>";
		};
/* End PBXGroup section */

/* Begin PBXHeadersBuildPhase section */
		C562CB9928BF6A9100311ED4 /* Headers */ = {
			isa = PBXHeadersBuildPhase;
			buildActionMask = 2147483647;
			files = (
				C562CBAD28BF6A9200311ED4 /* EssentialFeed.h in Headers */,
			);
			runOnlyForDeploymentPostprocessing = 0;
		};
/* End PBXHeadersBuildPhase section */

/* Begin PBXNativeTarget section */
		C562CB9D28BF6A9100311ED4 /* EssentialFeed */ = {
			isa = PBXNativeTarget;
			buildConfigurationList = C562CBB028BF6A9200311ED4 /* Build configuration list for PBXNativeTarget "EssentialFeed" */;
			buildPhases = (
				C562CB9928BF6A9100311ED4 /* Headers */,
				C562CB9A28BF6A9100311ED4 /* Sources */,
				C562CB9B28BF6A9100311ED4 /* Frameworks */,
				C562CB9C28BF6A9100311ED4 /* Resources */,
			);
			buildRules = (
			);
			dependencies = (
			);
			name = EssentialFeed;
			productName = EssentialFeed;
			productReference = C562CB9E28BF6A9100311ED4 /* EssentialFeed.framework */;
			productType = "com.apple.product-type.framework";
		};
		C562CBA528BF6A9100311ED4 /* EssentialFeedTests */ = {
			isa = PBXNativeTarget;
			buildConfigurationList = C562CBB328BF6A9200311ED4 /* Build configuration list for PBXNativeTarget "EssentialFeedTests" */;
			buildPhases = (
				C562CBA228BF6A9100311ED4 /* Sources */,
				C562CBA328BF6A9100311ED4 /* Frameworks */,
				C562CBA428BF6A9100311ED4 /* Resources */,
			);
			buildRules = (
			);
			dependencies = (
				C562CBA928BF6A9200311ED4 /* PBXTargetDependency */,
			);
			name = EssentialFeedTests;
			productName = EssentialFeedTests;
			productReference = C562CBA628BF6A9100311ED4 /* EssentialFeedTests.xctest */;
			productType = "com.apple.product-type.bundle.unit-test";
		};
		C57DB47428CDB45600878AF8 /* EssentialFeedAPIEndToEndTests */ = {
			isa = PBXNativeTarget;
			buildConfigurationList = C57DB47E28CDB45600878AF8 /* Build configuration list for PBXNativeTarget "EssentialFeedAPIEndToEndTests" */;
			buildPhases = (
				C57DB47128CDB45600878AF8 /* Sources */,
				C57DB47228CDB45600878AF8 /* Frameworks */,
				C57DB47328CDB45600878AF8 /* Resources */,
			);
			buildRules = (
			);
			dependencies = (
				C57DB47B28CDB45600878AF8 /* PBXTargetDependency */,
			);
			name = EssentialFeedAPIEndToEndTests;
			productName = EssentialFeedAPIEndToEndTests;
			productReference = C57DB47528CDB45600878AF8 /* EssentialFeedAPIEndToEndTests.xctest */;
			productType = "com.apple.product-type.bundle.unit-test";
		};
/* End PBXNativeTarget section */

/* Begin PBXProject section */
		C562CB9528BF6A9100311ED4 /* Project object */ = {
			isa = PBXProject;
			attributes = {
				BuildIndependentTargetsInParallel = 1;
				LastSwiftUpdateCheck = 1340;
				LastUpgradeCheck = 1340;
				TargetAttributes = {
					C562CB9D28BF6A9100311ED4 = {
						CreatedOnToolsVersion = 13.4;
						LastSwiftMigration = 1340;
					};
					C562CBA528BF6A9100311ED4 = {
						CreatedOnToolsVersion = 13.4;
					};
					C57DB47428CDB45600878AF8 = {
						CreatedOnToolsVersion = 13.4;
					};
				};
			};
			buildConfigurationList = C562CB9828BF6A9100311ED4 /* Build configuration list for PBXProject "EssentialFeed" */;
			compatibilityVersion = "Xcode 13.0";
			developmentRegion = en;
			hasScannedForEncodings = 0;
			knownRegions = (
				en,
				Base,
			);
			mainGroup = C562CB9428BF6A9100311ED4;
			productRefGroup = C562CB9F28BF6A9100311ED4 /* Products */;
			projectDirPath = "";
			projectRoot = "";
			targets = (
				C562CB9D28BF6A9100311ED4 /* EssentialFeed */,
				C562CBA528BF6A9100311ED4 /* EssentialFeedTests */,
				C57DB47428CDB45600878AF8 /* EssentialFeedAPIEndToEndTests */,
			);
		};
/* End PBXProject section */

/* Begin PBXResourcesBuildPhase section */
		C562CB9C28BF6A9100311ED4 /* Resources */ = {
			isa = PBXResourcesBuildPhase;
			buildActionMask = 2147483647;
			files = (
			);
			runOnlyForDeploymentPostprocessing = 0;
		};
		C562CBA428BF6A9100311ED4 /* Resources */ = {
			isa = PBXResourcesBuildPhase;
			buildActionMask = 2147483647;
			files = (
			);
			runOnlyForDeploymentPostprocessing = 0;
		};
		C57DB47328CDB45600878AF8 /* Resources */ = {
			isa = PBXResourcesBuildPhase;
			buildActionMask = 2147483647;
			files = (
			);
			runOnlyForDeploymentPostprocessing = 0;
		};
/* End PBXResourcesBuildPhase section */

/* Begin PBXSourcesBuildPhase section */
		C562CB9A28BF6A9100311ED4 /* Sources */ = {
			isa = PBXSourcesBuildPhase;
			buildActionMask = 2147483647;
			files = (
				C504BF9E28C68BAD0052EDF3 /* FeedItemsMapper.swift in Sources */,
				C504BF9428C089790052EDF3 /* FeedLoader.swift in Sources */,
				C56797C9293DEE6E0019D56D /* RemoteFeedItem.swift in Sources */,
				C504BF9A28C114B30052EDF3 /* RemoteFeedLoader.swift in Sources */,
				C56797CB293DEEA30019D56D /* LocalFeedImage.swift in Sources */,
				C56797C7293A60CB0019D56D /* FeedStore.swift in Sources */,
				C56797C5293A60360019D56D /* LocalFeedLoader.swift in Sources */,
				C504BF9C28C68B4D0052EDF3 /* HTTPClient.swift in Sources */,
				C562CBB728BF6AFA00311ED4 /* FeedImage.swift in Sources */,
				C57DB47028CCEB8E00878AF8 /* URLSessionHTTPClient.swift in Sources */,
			);
			runOnlyForDeploymentPostprocessing = 0;
		};
		C562CBA228BF6A9100311ED4 /* Sources */ = {
			isa = PBXSourcesBuildPhase;
			buildActionMask = 2147483647;
			files = (
				C54F5FF12940EFCD00DB6811 /* ValidateFeedCacheUseCaseTests.swift in Sources */,
				C504BF9728C08CE60052EDF3 /* LoadFeedFromRemoteUseCaseTests.swift in Sources */,
				C504BFA128C7E62B0052EDF3 /* URLSessionHTTPClientTests.swift in Sources */,
				C56797D0293E08E20019D56D /* FeedStoreSpy.swift in Sources */,
				C56797C1293A12A50019D56D /* CacheFeedUseCaseTests.swift in Sources */,
				C56797CD293E07CA0019D56D /* LoadFeedFromCacheUseCaseTests.swift in Sources */,
				C57DB46E28CCA7DE00878AF8 /* XCTTestCAse+MemoryLeakTracking.swift in Sources */,
			);
			runOnlyForDeploymentPostprocessing = 0;
		};
		C57DB47128CDB45600878AF8 /* Sources */ = {
			isa = PBXSourcesBuildPhase;
			buildActionMask = 2147483647;
			files = (
				C57DB48028CDBAA400878AF8 /* XCTTestCAse+MemoryLeakTracking.swift in Sources */,
				C57DB47828CDB45600878AF8 /* EssentialFeedAPIEndToEndTests.swift in Sources */,
			);
			runOnlyForDeploymentPostprocessing = 0;
		};
/* End PBXSourcesBuildPhase section */

/* Begin PBXTargetDependency section */
		C562CBA928BF6A9200311ED4 /* PBXTargetDependency */ = {
			isa = PBXTargetDependency;
			target = C562CB9D28BF6A9100311ED4 /* EssentialFeed */;
			targetProxy = C562CBA828BF6A9200311ED4 /* PBXContainerItemProxy */;
		};
		C57DB47B28CDB45600878AF8 /* PBXTargetDependency */ = {
			isa = PBXTargetDependency;
			target = C562CB9D28BF6A9100311ED4 /* EssentialFeed */;
			targetProxy = C57DB47A28CDB45600878AF8 /* PBXContainerItemProxy */;
		};
/* End PBXTargetDependency section */

/* Begin XCBuildConfiguration section */
		C562CBAE28BF6A9200311ED4 /* Debug */ = {
			isa = XCBuildConfiguration;
			buildSettings = {
				ALWAYS_SEARCH_USER_PATHS = NO;
				CLANG_ANALYZER_NONNULL = YES;
				CLANG_ANALYZER_NUMBER_OBJECT_CONVERSION = YES_AGGRESSIVE;
				CLANG_CXX_LANGUAGE_STANDARD = "gnu++17";
				CLANG_ENABLE_MODULES = YES;
				CLANG_ENABLE_OBJC_ARC = YES;
				CLANG_ENABLE_OBJC_WEAK = YES;
				CLANG_WARN_BLOCK_CAPTURE_AUTORELEASING = YES;
				CLANG_WARN_BOOL_CONVERSION = YES;
				CLANG_WARN_COMMA = YES;
				CLANG_WARN_CONSTANT_CONVERSION = YES;
				CLANG_WARN_DEPRECATED_OBJC_IMPLEMENTATIONS = YES;
				CLANG_WARN_DIRECT_OBJC_ISA_USAGE = YES_ERROR;
				CLANG_WARN_DOCUMENTATION_COMMENTS = YES;
				CLANG_WARN_EMPTY_BODY = YES;
				CLANG_WARN_ENUM_CONVERSION = YES;
				CLANG_WARN_INFINITE_RECURSION = YES;
				CLANG_WARN_INT_CONVERSION = YES;
				CLANG_WARN_NON_LITERAL_NULL_CONVERSION = YES;
				CLANG_WARN_OBJC_IMPLICIT_RETAIN_SELF = YES;
				CLANG_WARN_OBJC_LITERAL_CONVERSION = YES;
				CLANG_WARN_OBJC_ROOT_CLASS = YES_ERROR;
				CLANG_WARN_QUOTED_INCLUDE_IN_FRAMEWORK_HEADER = YES;
				CLANG_WARN_RANGE_LOOP_ANALYSIS = YES;
				CLANG_WARN_STRICT_PROTOTYPES = YES;
				CLANG_WARN_SUSPICIOUS_MOVE = YES;
				CLANG_WARN_UNGUARDED_AVAILABILITY = YES_AGGRESSIVE;
				CLANG_WARN_UNREACHABLE_CODE = YES;
				CLANG_WARN__DUPLICATE_METHOD_MATCH = YES;
				COPY_PHASE_STRIP = NO;
				CURRENT_PROJECT_VERSION = 1;
				DEBUG_INFORMATION_FORMAT = dwarf;
				ENABLE_STRICT_OBJC_MSGSEND = YES;
				ENABLE_TESTABILITY = YES;
				GCC_C_LANGUAGE_STANDARD = gnu11;
				GCC_DYNAMIC_NO_PIC = NO;
				GCC_NO_COMMON_BLOCKS = YES;
				GCC_OPTIMIZATION_LEVEL = 0;
				GCC_PREPROCESSOR_DEFINITIONS = (
					"DEBUG=1",
					"$(inherited)",
				);
				GCC_WARN_64_TO_32_BIT_CONVERSION = YES;
				GCC_WARN_ABOUT_RETURN_TYPE = YES_ERROR;
				GCC_WARN_UNDECLARED_SELECTOR = YES;
				GCC_WARN_UNINITIALIZED_AUTOS = YES_AGGRESSIVE;
				GCC_WARN_UNUSED_FUNCTION = YES;
				GCC_WARN_UNUSED_VARIABLE = YES;
				MACOSX_DEPLOYMENT_TARGET = 11.5;
				MTL_ENABLE_DEBUG_INFO = INCLUDE_SOURCE;
				MTL_FAST_MATH = YES;
				ONLY_ACTIVE_ARCH = YES;
				SDKROOT = macosx;
				SWIFT_ACTIVE_COMPILATION_CONDITIONS = DEBUG;
				SWIFT_OPTIMIZATION_LEVEL = "-Onone";
				VERSIONING_SYSTEM = "apple-generic";
				VERSION_INFO_PREFIX = "";
			};
			name = Debug;
		};
		C562CBAF28BF6A9200311ED4 /* Release */ = {
			isa = XCBuildConfiguration;
			buildSettings = {
				ALWAYS_SEARCH_USER_PATHS = NO;
				CLANG_ANALYZER_NONNULL = YES;
				CLANG_ANALYZER_NUMBER_OBJECT_CONVERSION = YES_AGGRESSIVE;
				CLANG_CXX_LANGUAGE_STANDARD = "gnu++17";
				CLANG_ENABLE_MODULES = YES;
				CLANG_ENABLE_OBJC_ARC = YES;
				CLANG_ENABLE_OBJC_WEAK = YES;
				CLANG_WARN_BLOCK_CAPTURE_AUTORELEASING = YES;
				CLANG_WARN_BOOL_CONVERSION = YES;
				CLANG_WARN_COMMA = YES;
				CLANG_WARN_CONSTANT_CONVERSION = YES;
				CLANG_WARN_DEPRECATED_OBJC_IMPLEMENTATIONS = YES;
				CLANG_WARN_DIRECT_OBJC_ISA_USAGE = YES_ERROR;
				CLANG_WARN_DOCUMENTATION_COMMENTS = YES;
				CLANG_WARN_EMPTY_BODY = YES;
				CLANG_WARN_ENUM_CONVERSION = YES;
				CLANG_WARN_INFINITE_RECURSION = YES;
				CLANG_WARN_INT_CONVERSION = YES;
				CLANG_WARN_NON_LITERAL_NULL_CONVERSION = YES;
				CLANG_WARN_OBJC_IMPLICIT_RETAIN_SELF = YES;
				CLANG_WARN_OBJC_LITERAL_CONVERSION = YES;
				CLANG_WARN_OBJC_ROOT_CLASS = YES_ERROR;
				CLANG_WARN_QUOTED_INCLUDE_IN_FRAMEWORK_HEADER = YES;
				CLANG_WARN_RANGE_LOOP_ANALYSIS = YES;
				CLANG_WARN_STRICT_PROTOTYPES = YES;
				CLANG_WARN_SUSPICIOUS_MOVE = YES;
				CLANG_WARN_UNGUARDED_AVAILABILITY = YES_AGGRESSIVE;
				CLANG_WARN_UNREACHABLE_CODE = YES;
				CLANG_WARN__DUPLICATE_METHOD_MATCH = YES;
				COPY_PHASE_STRIP = NO;
				CURRENT_PROJECT_VERSION = 1;
				DEBUG_INFORMATION_FORMAT = "dwarf-with-dsym";
				ENABLE_NS_ASSERTIONS = NO;
				ENABLE_STRICT_OBJC_MSGSEND = YES;
				GCC_C_LANGUAGE_STANDARD = gnu11;
				GCC_NO_COMMON_BLOCKS = YES;
				GCC_WARN_64_TO_32_BIT_CONVERSION = YES;
				GCC_WARN_ABOUT_RETURN_TYPE = YES_ERROR;
				GCC_WARN_UNDECLARED_SELECTOR = YES;
				GCC_WARN_UNINITIALIZED_AUTOS = YES_AGGRESSIVE;
				GCC_WARN_UNUSED_FUNCTION = YES;
				GCC_WARN_UNUSED_VARIABLE = YES;
				MACOSX_DEPLOYMENT_TARGET = 11.5;
				MTL_ENABLE_DEBUG_INFO = NO;
				MTL_FAST_MATH = YES;
				SDKROOT = macosx;
				SWIFT_COMPILATION_MODE = wholemodule;
				SWIFT_OPTIMIZATION_LEVEL = "-O";
				VERSIONING_SYSTEM = "apple-generic";
				VERSION_INFO_PREFIX = "";
			};
			name = Release;
		};
		C562CBB128BF6A9200311ED4 /* Debug */ = {
			isa = XCBuildConfiguration;
			buildSettings = {
				CLANG_ENABLE_MODULES = YES;
				CODE_SIGN_STYLE = Automatic;
				COMBINE_HIDPI_IMAGES = YES;
				CURRENT_PROJECT_VERSION = "$(CURRENT_PROJECT_VERSION)";
				DEFINES_MODULE = YES;
				DEVELOPMENT_TEAM = R8YATF83RA;
				DYLIB_COMPATIBILITY_VERSION = 1;
				DYLIB_CURRENT_VERSION = 1;
				DYLIB_INSTALL_NAME_BASE = "@rpath";
				GENERATE_INFOPLIST_FILE = YES;
				INFOPLIST_KEY_NSHumanReadableCopyright = "";
				INSTALL_PATH = "$(LOCAL_LIBRARY_DIR)/Frameworks";
				LD_RUNPATH_SEARCH_PATHS = (
					"$(inherited)",
					"@executable_path/../Frameworks",
					"@loader_path/Frameworks",
				);
				MACOSX_DEPLOYMENT_TARGET = 11.5;
				MARKETING_VERSION = 1.0;
				PRODUCT_BUNDLE_IDENTIFIER = dev.betty.EssentialFeed;
				PRODUCT_NAME = "$(TARGET_NAME:c99extidentifier)";
				SKIP_INSTALL = YES;
				SWIFT_EMIT_LOC_STRINGS = YES;
				SWIFT_OPTIMIZATION_LEVEL = "-Onone";
				SWIFT_VERSION = 5.0;
			};
			name = Debug;
		};
		C562CBB228BF6A9200311ED4 /* Release */ = {
			isa = XCBuildConfiguration;
			buildSettings = {
				CLANG_ENABLE_MODULES = YES;
				CODE_SIGN_STYLE = Automatic;
				COMBINE_HIDPI_IMAGES = YES;
				CURRENT_PROJECT_VERSION = "$(CURRENT_PROJECT_VERSION)";
				DEFINES_MODULE = YES;
				DEVELOPMENT_TEAM = R8YATF83RA;
				DYLIB_COMPATIBILITY_VERSION = 1;
				DYLIB_CURRENT_VERSION = 1;
				DYLIB_INSTALL_NAME_BASE = "@rpath";
				GENERATE_INFOPLIST_FILE = YES;
				INFOPLIST_KEY_NSHumanReadableCopyright = "";
				INSTALL_PATH = "$(LOCAL_LIBRARY_DIR)/Frameworks";
				LD_RUNPATH_SEARCH_PATHS = (
					"$(inherited)",
					"@executable_path/../Frameworks",
					"@loader_path/Frameworks",
				);
				MACOSX_DEPLOYMENT_TARGET = 11.5;
				MARKETING_VERSION = 1.0;
				PRODUCT_BUNDLE_IDENTIFIER = dev.betty.EssentialFeed;
				PRODUCT_NAME = "$(TARGET_NAME:c99extidentifier)";
				SKIP_INSTALL = YES;
				SWIFT_EMIT_LOC_STRINGS = YES;
				SWIFT_VERSION = 5.0;
			};
			name = Release;
		};
		C562CBB428BF6A9200311ED4 /* Debug */ = {
			isa = XCBuildConfiguration;
			buildSettings = {
				ALWAYS_EMBED_SWIFT_STANDARD_LIBRARIES = YES;
				CODE_SIGN_STYLE = Automatic;
				CURRENT_PROJECT_VERSION = 1;
				DEVELOPMENT_TEAM = R8YATF83RA;
				GENERATE_INFOPLIST_FILE = YES;
				MARKETING_VERSION = 1.0;
				PRODUCT_BUNDLE_IDENTIFIER = dev.betty.EssentialFeedTests;
				PRODUCT_NAME = "$(TARGET_NAME)";
				SWIFT_EMIT_LOC_STRINGS = NO;
				SWIFT_VERSION = 5.0;
			};
			name = Debug;
		};
		C562CBB528BF6A9200311ED4 /* Release */ = {
			isa = XCBuildConfiguration;
			buildSettings = {
				ALWAYS_EMBED_SWIFT_STANDARD_LIBRARIES = YES;
				CODE_SIGN_STYLE = Automatic;
				CURRENT_PROJECT_VERSION = 1;
				DEVELOPMENT_TEAM = R8YATF83RA;
				GENERATE_INFOPLIST_FILE = YES;
				MARKETING_VERSION = 1.0;
				PRODUCT_BUNDLE_IDENTIFIER = dev.betty.EssentialFeedTests;
				PRODUCT_NAME = "$(TARGET_NAME)";
				SWIFT_EMIT_LOC_STRINGS = NO;
				SWIFT_VERSION = 5.0;
			};
			name = Release;
		};
		C57DB47C28CDB45600878AF8 /* Debug */ = {
			isa = XCBuildConfiguration;
			buildSettings = {
				CODE_SIGN_STYLE = Automatic;
				CURRENT_PROJECT_VERSION = 1;
				DEVELOPMENT_TEAM = R8YATF83RA;
				GENERATE_INFOPLIST_FILE = YES;
				MARKETING_VERSION = 1.0;
				PRODUCT_BUNDLE_IDENTIFIER = dev.betty.EssentialFeedAPIEndToEndTests;
				PRODUCT_NAME = "$(TARGET_NAME)";
				SWIFT_EMIT_LOC_STRINGS = NO;
				SWIFT_VERSION = 5.0;
			};
			name = Debug;
		};
		C57DB47D28CDB45600878AF8 /* Release */ = {
			isa = XCBuildConfiguration;
			buildSettings = {
				CODE_SIGN_STYLE = Automatic;
				CURRENT_PROJECT_VERSION = 1;
				DEVELOPMENT_TEAM = R8YATF83RA;
				GENERATE_INFOPLIST_FILE = YES;
				MARKETING_VERSION = 1.0;
				PRODUCT_BUNDLE_IDENTIFIER = dev.betty.EssentialFeedAPIEndToEndTests;
				PRODUCT_NAME = "$(TARGET_NAME)";
				SWIFT_EMIT_LOC_STRINGS = NO;
				SWIFT_VERSION = 5.0;
			};
			name = Release;
		};
/* End XCBuildConfiguration section */

/* Begin XCConfigurationList section */
		C562CB9828BF6A9100311ED4 /* Build configuration list for PBXProject "EssentialFeed" */ = {
			isa = XCConfigurationList;
			buildConfigurations = (
				C562CBAE28BF6A9200311ED4 /* Debug */,
				C562CBAF28BF6A9200311ED4 /* Release */,
			);
			defaultConfigurationIsVisible = 0;
			defaultConfigurationName = Release;
		};
		C562CBB028BF6A9200311ED4 /* Build configuration list for PBXNativeTarget "EssentialFeed" */ = {
			isa = XCConfigurationList;
			buildConfigurations = (
				C562CBB128BF6A9200311ED4 /* Debug */,
				C562CBB228BF6A9200311ED4 /* Release */,
			);
			defaultConfigurationIsVisible = 0;
			defaultConfigurationName = Release;
		};
		C562CBB328BF6A9200311ED4 /* Build configuration list for PBXNativeTarget "EssentialFeedTests" */ = {
			isa = XCConfigurationList;
			buildConfigurations = (
				C562CBB428BF6A9200311ED4 /* Debug */,
				C562CBB528BF6A9200311ED4 /* Release */,
			);
			defaultConfigurationIsVisible = 0;
			defaultConfigurationName = Release;
		};
		C57DB47E28CDB45600878AF8 /* Build configuration list for PBXNativeTarget "EssentialFeedAPIEndToEndTests" */ = {
			isa = XCConfigurationList;
			buildConfigurations = (
				C57DB47C28CDB45600878AF8 /* Debug */,
				C57DB47D28CDB45600878AF8 /* Release */,
			);
			defaultConfigurationIsVisible = 0;
			defaultConfigurationName = Release;
		};
/* End XCConfigurationList section */
	};
	rootObject = C562CB9528BF6A9100311ED4 /* Project object */;
}
